
Microsoft Visual Studio Solution File, Format Version 12.00
# Visual Studio Version 16
VisualStudioVersion = 16.0.31410.357
MinimumVisualStudioVersion = 10.0.40219.1
Project("{9A19103F-16F7-4668-BE54-9A1E7A4F7556}") = "HelloWorld", "HelloWorld\HelloWorld.csproj", "{667C9357-7374-4639-86E5-03E9763B02CE}"
EndProject
Project("{FAE04EC0-301F-11D3-BF4B-00C04F79EFBC}") = "TestProject", "TestProject\TestProject.csproj", "{A631D761-ED07-4E97-B4EF-765CF489816D}"
EndProject
Global
	GlobalSection(SolutionConfigurationPlatforms) = preSolution
		Debug|Any CPU = Debug|Any CPU
		Release|Any CPU = Release|Any CPU
	EndGlobalSection
	GlobalSection(ProjectConfigurationPlatforms) = postSolution
		{667C9357-7374-4639-86E5-03E9763B02CE}.Debug|Any CPU.ActiveCfg = Debug|Any CPU
		{667C9357-7374-4639-86E5-03E9763B02CE}.Debug|Any CPU.Build.0 = Debug|Any CPU
		{667C9357-7374-4639-86E5-03E9763B02CE}.Release|Any CPU.ActiveCfg = Release|Any CPU
		{667C9357-7374-4639-86E5-03E9763B02CE}.Release|Any CPU.Build.0 = Release|Any CPU
		{A631D761-ED07-4E97-B4EF-765CF489816D}.Debug|Any CPU.ActiveCfg = Debug|Any CPU
		{A631D761-ED07-4E97-B4EF-765CF489816D}.Debug|Any CPU.Build.0 = Debug|Any CPU
		{A631D761-ED07-4E97-B4EF-765CF489816D}.Release|Any CPU.ActiveCfg = Release|Any CPU
		{A631D761-ED07-4E97-B4EF-765CF489816D}.Release|Any CPU.Build.0 = Release|Any CPU
	EndGlobalSection
	GlobalSection(SolutionProperties) = preSolution
		HideSolutionNode = FALSE
	EndGlobalSection
	GlobalSection(ExtensibilityGlobals) = postSolution
		SolutionGuid = {EE04C3E8-1E0C-4740-B20A-1AB9E8F88140}
	EndGlobalSection
EndGlobal
